# THIS IS AN AUTOGENERATED FILE. DO NOT EDIT THIS FILE DIRECTLY.
# yarn lockfile v1


bar@2.0.0:
  version "0.1.2"
  resolved "https://registry.yarnpkg.com/bar/-/bar-0.1.2.tgz#ec36d80c5fea1111fe1e32c9db38a61053225155"
  dependencies:
    optimist "~ 0.2.4"
    watch "~ 0.3.2"

foo@1.0.0:
  version "1.0.0"
  resolved "https://registry.yarnpkg.com/foo/-/foo-1.0.0.tgz#943e0ec03df00ebeb6273a5b94b916ba54b47581"

node-foo@~0.2.3:
  version "0.2.3"
  resolved "https://registry.yarnpkg.com/node-foo/-/node-foo-0.2.3.tgz#b18ee9d424ce703b4bd9ac0f26d7aec32eee7b8e"

"optimist@~ 0.2.4":
  version "0.2.8"
  resolved "https://registry.yarnpkg.com/optimist/-/optimist-0.2.8.tgz#e981ab7e268b457948593b55674c099a815cac31"
  dependencies:
    wordwrap ">=0.0.1 <0.1.0"

"watch@~ 0.3.2":
  version "0.3.3"
  resolved "https://registry.yarnpkg.com/watch/-/watch-0.3.3.tgz#2aa776716ed463464dbaa2c2e4f9c6aca1e2fa3c"

"wordwrap@>=0.0.1 <0.1.0":
  version "0.0.3"
  resolved "https://registry.yarnpkg.com/wordwrap/-/wordwrap-0.0.3.tgz#a3d5da6cd5c0bc0008d37234bbaf1bed63059107"
