# THIS IS AN AUTOGENERATED FILE. DO NOT EDIT THIS FILE DIRECTLY.
# yarn lockfile v1


bar@1.0.0:
  version "0.1.2"
  resolved "https://registry.yarnpkg.com/bar/-/bar-0.1.2.tgz#ec36d80c5fea1111fe1e32c9db38a61053225155"
  dependencies:
    optimist "~ 0.2.4"
    watch "~ 0.3.2"

foo@1.0.0:
  version "1.0.0"
  resolved "https://registry.yarnpkg.com/foo/-/foo-1.0.0.tgz#943e0ec03df00ebeb6273a5b94b916ba54b47581"

optimist@0.2.4, "optimist@~ 0.2.4":
  version "0.2.4"
  resolved "https://registry.yarnpkg.com/optimist/-/optimist-0.2.4.tgz#9d543b3444fe127e8c01891c11a38d20b886317b"
  dependencies:
    wordwrap ">=0.0.1 <0.1"

watch@0.3.2, "watch@~ 0.3.2":
  version "0.3.2"
  resolved "https://registry.yarnpkg.com/watch/-/watch-0.3.2.tgz#562b93754f6d1e138e782da361f570b32ce2b7a6"

wordwrap@0.1.0:
  version "1.0.0"
  resolved "https://registry.yarnpkg.com/wordwrap/-/wordwrap-1.0.0.tgz#27584810891456a4171c8d0226441ade90cbcaeb"

"wordwrap@>=0.0.1 <0.1":
  version "0.0.3"
  resolved "https://registry.yarnpkg.com/wordwrap/-/wordwrap-0.0.3.tgz#a3d5da6cd5c0bc0008d37234bbaf1bed63059107"
